{
  "requires": true,
  "lockfileVersion": 1,
  "dependencies": {
    "django-select2": {
      "version": "7.4.2",
      "resolved": "https://registry.npmjs.org/django-select2/-/django-select2-7.4.2.tgz",
      "integrity": "sha512-/ssKYSWxuGzW67p1Z0KyTzdktg57mN0Nm2KUprhnZ3Nm5cvmN7t8cJaN7oeMkzmS55o0lYbF4xpJb+w1FofCxA=="
    }
  }
}
